{
  "name": "blog",
  "version": "1.0.0",
  "lockfileVersion": 1,
  "requires": true,
  "dependencies": {
    "pnpm": {
      "version": "8.6.10",
      "resolved": "https://registry.npmjs.org/pnpm/-/pnpm-8.6.10.tgz",
      "integrity": "sha512-EBlPdgrAqmIDK6lflNm8M4lueWGM4PKJIDngt6vJ1+fmzh3e0482tg52nUjiuGvkzZ2sngA181GLqknXhAHgIg=="
    }
  }
}
